
Microsoft Visual Studio Solution File, Format Version 12.00
# Visual Studio 15
VisualStudioVersion = 15.0.27703.2026
MinimumVisualStudioVersion = 10.0.40219.1
Project("{FAE04EC0-301F-11D3-BF4B-00C04F79EFBC}") = "ProyectoRestaurante", "ProyectoRestaurante\ProyectoRestaurante.csproj", "{0A324B95-C299-4F5A-B5DF-2BBCFA25A717}"
EndProject
Project("{FAE04EC0-301F-11D3-BF4B-00C04F79EFBC}") = "ClasesPrincipales", "ClasesPrincipales\ClasesPrincipales.csproj", "{8A184488-7AFE-47A7-B786-32A63040E552}"
EndProject
Project("{FAE04EC0-301F-11D3-BF4B-00C04F79EFBC}") = "Interfaz", "Interfaz\Interfaz.csproj", "{D835163D-894B-43CB-AEC9-A15AA6564150}"
EndProject
Global
	GlobalSection(SolutionConfigurationPlatforms) = preSolution
		Debug|Any CPU = Debug|Any CPU
		Release|Any CPU = Release|Any CPU
	EndGlobalSection
	GlobalSection(ProjectConfigurationPlatforms) = postSolution
		{0A324B95-C299-4F5A-B5DF-2BBCFA25A717}.Debug|Any CPU.ActiveCfg = Debug|Any CPU
		{0A324B95-C299-4F5A-B5DF-2BBCFA25A717}.Debug|Any CPU.Build.0 = Debug|Any CPU
		{0A324B95-C299-4F5A-B5DF-2BBCFA25A717}.Release|Any CPU.ActiveCfg = Release|Any CPU
		{0A324B95-C299-4F5A-B5DF-2BBCFA25A717}.Release|Any CPU.Build.0 = Release|Any CPU
		{8A184488-7AFE-47A7-B786-32A63040E552}.Debug|Any CPU.ActiveCfg = Debug|Any CPU
		{8A184488-7AFE-47A7-B786-32A63040E552}.Debug|Any CPU.Build.0 = Debug|Any CPU
		{8A184488-7AFE-47A7-B786-32A63040E552}.Release|Any CPU.ActiveCfg = Release|Any CPU
		{8A184488-7AFE-47A7-B786-32A63040E552}.Release|Any CPU.Build.0 = Release|Any CPU
		{D835163D-894B-43CB-AEC9-A15AA6564150}.Debug|Any CPU.ActiveCfg = Debug|Any CPU
		{D835163D-894B-43CB-AEC9-A15AA6564150}.Debug|Any CPU.Build.0 = Debug|Any CPU
		{D835163D-894B-43CB-AEC9-A15AA6564150}.Release|Any CPU.ActiveCfg = Release|Any CPU
		{D835163D-894B-43CB-AEC9-A15AA6564150}.Release|Any CPU.Build.0 = Release|Any CPU
	EndGlobalSection
	GlobalSection(SolutionProperties) = preSolution
		HideSolutionNode = FALSE
	EndGlobalSection
	GlobalSection(ExtensibilityGlobals) = postSolution
		SolutionGuid = {08F6CA37-453D-41DB-B072-F84115DBCD2D}
	EndGlobalSection
EndGlobal
